
Microsoft Visual Studio Solution File, Format Version 12.00
# Visual Studio 15
#bhai
VisualStudioVersion = 15.0.28307.1321
MinimumVisualStudioVersion = 10.0.40219.1
Project("{E24C65DC-7377-472B-9ABA-BC803B73C61A}") = "State Mnagement", "State Mnagement\", "{64987AB5-2FE6-42AF-AFA2-74A35B7D2847}"
	ProjectSection(WebsiteProperties) = preProject
		TargetFrameworkMoniker = ".NETFramework,Version%3Dv4.6.1"
		Debug.AspNetCompiler.VirtualPath = "/localhost_49709"
		Debug.AspNetCompiler.PhysicalPath = "State Mnagement\"
		Debug.AspNetCompiler.TargetPath = "PrecompiledWeb\localhost_49709\"
		Debug.AspNetCompiler.Updateable = "true"
		Debug.AspNetCompiler.ForceOverwrite = "true"
		Debug.AspNetCompiler.FixedNames = "false"
		Debug.AspNetCompiler.Debug = "True"
		Release.AspNetCompiler.VirtualPath = "/localhost_49709"
		Release.AspNetCompiler.PhysicalPath = "State Mnagement\"
		Release.AspNetCompiler.TargetPath = "PrecompiledWeb\localhost_49709\"
		Release.AspNetCompiler.Updateable = "true"
		Release.AspNetCompiler.ForceOverwrite = "true"
		Release.AspNetCompiler.FixedNames = "false"
		Release.AspNetCompiler.Debug = "False"
		VWDPort = "49709"
		SlnRelativePath = "State Mnagement\"
		DefaultWebSiteLanguage = "Visual C#"
	EndProjectSection
EndProject
Project("{E24C65DC-7377-472B-9ABA-BC803B73C61A}") = "cache", "cache\", "{047D6ED9-BC5E-4B86-BD56-A7F44F05C7D5}"
	ProjectSection(WebsiteProperties) = preProject
		TargetFrameworkMoniker = ".NETFramework,Version%3Dv4.6.1"
		Debug.AspNetCompiler.VirtualPath = "/localhost_51195"
		Debug.AspNetCompiler.PhysicalPath = "cache\"
		Debug.AspNetCompiler.TargetPath = "PrecompiledWeb\localhost_51195\"
		Debug.AspNetCompiler.Updateable = "true"
		Debug.AspNetCompiler.ForceOverwrite = "true"
		Debug.AspNetCompiler.FixedNames = "false"
		Debug.AspNetCompiler.Debug = "True"
		Release.AspNetCompiler.VirtualPath = "/localhost_51195"
		Release.AspNetCompiler.PhysicalPath = "cache\"
		Release.AspNetCompiler.TargetPath = "PrecompiledWeb\localhost_51195\"
		Release.AspNetCompiler.Updateable = "true"
		Release.AspNetCompiler.ForceOverwrite = "true"
		Release.AspNetCompiler.FixedNames = "false"
		Release.AspNetCompiler.Debug = "False" 
		VWDPort = "51195"
		SlnRelativePath = "cache\"
		DefaultWebSiteLanguage = "Visual C#"
	EndProjectSection
EndProject
Project("{E24C65DC-7377-472B-9ABA-BC803B73C61A}") = "procedures", "procedures\", "{7C01BFF2-9DD4-4828-B5FE-200595987A52}"
	ProjectSection(WebsiteProperties) = preProject
		TargetFrameworkMoniker = ".NETFramework,Version%3Dv4.6.1"
		Debug.AspNetCompiler.VirtualPath = "/localhost_63125"
		Debug.AspNetCompiler.PhysicalPath = "procedures\"
		Debug.AspNetCompiler.TargetPath = "PrecompiledWeb\localhost_63125\"
		Debug.AspNetCompiler.Updateable = "true"
		Debug.AspNetCompiler.ForceOverwrite = "true"
		Debug.AspNetCompiler.FixedNames = "false"
		Debug.AspNetCompiler.Debug = "True"
		Release.AspNetCompiler.VirtualPath = "/localhost_63125"
		Release.AspNetCompiler.PhysicalPath = "procedures\"
		Release.AspNetCompiler.TargetPath = "PrecompiledWeb\localhost_63125\"
		Release.AspNetCompiler.Updateable = "true"
		Release.AspNetCompiler.ForceOverwrite = "true"
		Release.AspNetCompiler.FixedNames = "false"
		Release.AspNetCompiler.Debug = "False"
		VWDPort = "63125"
		DefaultWebSiteLanguage = "Visual C#"
	EndProjectSection
EndProject
Global
	GlobalSection(SolutionConfigurationPlatforms) = preSolution
		Debug|Any CPU = Debug|Any CPU
	EndGlobalSection
	GlobalSection(ProjectConfigurationPlatforms) = postSolution
		{64987AB5-2FE6-42AF-AFA2-74A35B7D2847}.Debug|Any CPU.ActiveCfg = Debug|Any CPU
		{64987AB5-2FE6-42AF-AFA2-74A35B7D2847}.Debug|Any CPU.Build.0 = Debug|Any CPU
		{047D6ED9-BC5E-4B86-BD56-A7F44F05C7D5}.Debug|Any CPU.ActiveCfg = Debug|Any CPU
		{047D6ED9-BC5E-4B86-BD56-A7F44F05C7D5}.Debug|Any CPU.Build.0 = Debug|Any CPU
		{7C01BFF2-9DD4-4828-B5FE-200595987A52}.Debug|Any CPU.ActiveCfg = Debug|Any CPU
		{7C01BFF2-9DD4-4828-B5FE-200595987A52}.Debug|Any CPU.Build.0 = Debug|Any CPU
	EndGlobalSection
	GlobalSection(SolutionProperties) = preSolution
		HideSolutionNode = FALSE
	EndGlobalSection
	GlobalSection(ExtensibilityGlobals) = postSolution
		SolutionGuid = {E3D8541A-906A-4E92-ACD3-622BDE62A941}
	EndGlobalSection
EndGlobal
